// !$*UTF8*$!
{
	archiveVersion = 1;
	classes = {
	};
	objectVersion = 46;
	objects = {

/* Begin PBXBuildFile section */
		F034AFAA1EAE2C9200DC5B15 /* AppDelegate.swift in Sources */ = {isa = PBXBuildFile; fileRef = F034AFA91EAE2C9200DC5B15 /* AppDelegate.swift */; };
		F034AFAC1EAE2C9200DC5B15 /* ViewController.swift in Sources */ = {isa = PBXBuildFile; fileRef = F034AFAB1EAE2C9200DC5B15 /* ViewController.swift */; };
		F034AFAF1EAE2C9300DC5B15 /* Main.storyboard in Resources */ = {isa = PBXBuildFile; fileRef = F034AFAD1EAE2C9300DC5B15 /* Main.storyboard */; };
		F034AFB11EAE2C9300DC5B15 /* Assets.xcassets in Resources */ = {isa = PBXBuildFile; fileRef = F034AFB01EAE2C9300DC5B15 /* Assets.xcassets */; };
		F034AFB41EAE2C9300DC5B15 /* LaunchScreen.storyboard in Resources */ = {isa = PBXBuildFile; fileRef = F034AFB21EAE2C9300DC5B15 /* LaunchScreen.storyboard */; };
/* End PBXBuildFile section */

/* Begin PBXFileReference section */
		F034AFA61EAE2C9200DC5B15 /* Cold One.app */ = {isa = PBXFileReference; explicitFileType = wrapper.application; includeInIndex = 0; path = "Cold One.app"; sourceTree = BUILT_PRODUCTS_DIR; };
		F034AFA91EAE2C9200DC5B15 /* AppDelegate.swift */ = {isa = PBXFileReference; lastKnownFileType = sourcecode.swift; path = AppDelegate.swift; sourceTree = "<group>"; };
		F034AFAB1EAE2C9200DC5B15 /* ViewController.swift */ = {isa = PBXFileReference; lastKnownFileType = sourcecode.swift; path = ViewController.swift; sourceTree = "<group>"; };
		F034AFAE1EAE2C9300DC5B15 /* Base */ = {isa = PBXFileReference; lastKnownFileType = file.storyboard; name = Base; path = Base.lproj/Main.storyboard; sourceTree = "<group>"; };
		F034AFB01EAE2C9300DC5B15 /* Assets.xcassets */ = {isa = PBXFileReference; lastKnownFileType = folder.assetcatalog; path = Assets.xcassets; sourceTree = "<group>"; };
		F034AFB31EAE2C9300DC5B15 /* Base */ = {isa = PBXFileReference; lastKnownFileType = file.storyboard; name = Base; path = Base.lproj/LaunchScreen.storyboard; sourceTree = "<group>"; };
		F034AFB51EAE2C9300DC5B15 /* Info.plist */ = {isa = PBXFileReference; lastKnownFileType = text.plist.xml; path = Info.plist; sourceTree = "<group>"; };
/* End PBXFileReference section */

/* Begin PBXFrameworksBuildPhase section */
		F034AFA31EAE2C9200DC5B15 /* Frameworks */ = {
			isa = PBXFrameworksBuildPhase;
			buildActionMask = 2147483647;
			files = (
			);
			runOnlyForDeploymentPostprocessing = 0;
		};
/* End PBXFrameworksBuildPhase section */

/* Begin PBXGroup section */
		F034AF9D1EAE2C9200DC5B15 = {
			isa = PBXGroup;
			children = (
				F034AFA81EAE2C9200DC5B15 /* Cold One */,
				F034AFA71EAE2C9200DC5B15 /* Products */,
			);
			sourceTree = "<group>";
		};
		F034AFA71EAE2C9200DC5B15 /* Products */ = {
			isa = PBXGroup;
			children = (
				F034AFA61EAE2C9200DC5B15 /* Cold One.app */,
			);
			name = Products;
			sourceTree = "<group>";
		};
		F034AFA81EAE2C9200DC5B15 /* Cold One */ = {
			isa = PBXGroup;
			children = (
				F034AFA91EAE2C9200DC5B15 /* AppDelegate.swift */,
				F034AFAB1EAE2C9200DC5B15 /* ViewController.swift */,
				F034AFAD1EAE2C9300DC5B15 /* Main.storyboard */,
				F034AFB01EAE2C9300DC5B15 /* Assets.xcassets */,
				F034AFB21EAE2C9300DC5B15 /* LaunchScreen.storyboard */,
				F034AFB51EAE2C9300DC5B15 /* Info.plist */,
			);
			path = "Cold One";
			sourceTree = "<group>";
		};
/* End PBXGroup section */

/* Begin PBXNativeTarget section */
		F034AFA51EAE2C9200DC5B15 /* Cold One */ = {
			isa = PBXNativeTarget;
			buildConfigurationList = F034AFB81EAE2C9300DC5B15 /* Build configuration list for PBXNativeTarget "Cold One" */;
			buildPhases = (
				F034AFA21EAE2C9200DC5B15 /* Sources */,
				F034AFA31EAE2C9200DC5B15 /* Frameworks */,
				F034AFA41EAE2C9200DC5B15 /* Resources */,
			);
			buildRules = (
			);
			dependencies = (
			);
			name = "Cold One";
			productName = "Cold One";
			productReference = F034AFA61EAE2C9200DC5B15 /* Cold One.app */;
			productType = "com.apple.product-type.application";
		};
/* End PBXNativeTarget section */

/* Begin PBXProject section */
		F034AF9E1EAE2C9200DC5B15 /* Project object */ = {
			isa = PBXProject;
			attributes = {
				LastSwiftUpdateCheck = 0830;
				LastUpgradeCheck = 0830;
				ORGANIZATIONNAME = "TJ Carney";
				TargetAttributes = {
					F034AFA51EAE2C9200DC5B15 = {
						CreatedOnToolsVersion = 8.3;
						ProvisioningStyle = Automatic;
					};
				};
			};
			buildConfigurationList = F034AFA11EAE2C9200DC5B15 /* Build configuration list for PBXProject "Cold One" */;
			compatibilityVersion = "Xcode 3.2";
			developmentRegion = English;
			hasScannedForEncodings = 0;
			knownRegions = (
				en,
				Base,
			);
			mainGroup = F034AF9D1EAE2C9200DC5B15;
			productRefGroup = F034AFA71EAE2C9200DC5B15 /* Products */;
			projectDirPath = "";
			projectRoot = "";
			targets = (
				F034AFA51EAE2C9200DC5B15 /* Cold One */,
			);
		};
/* End PBXProject section */

/* Begin PBXResourcesBuildPhase section */
		F034AFA41EAE2C9200DC5B15 /* Resources */ = {
			isa = PBXResourcesBuildPhase;
			buildActionMask = 2147483647;
			files = (
				F034AFB41EAE2C9300DC5B15 /* LaunchScreen.storyboard in Resources */,
				F034AFB11EAE2C9300DC5B15 /* Assets.xcassets in Resources */,
				F034AFAF1EAE2C9300DC5B15 /* Main.storyboard in Resources */,
			);
			runOnlyForDeploymentPostprocessing = 0;
		};
/* End PBXResourcesBuildPhase section */

/* Begin PBXSourcesBuildPhase section */
		F034AFA21EAE2C9200DC5B15 /* Sources */ = {
			isa = PBXSourcesBuildPhase;
			buildActionMask = 2147483647;
			files = (
				F034AFAC1EAE2C9200DC5B15 /* ViewController.swift in Sources */,
				F034AFAA1EAE2C9200DC5B15 /* AppDelegate.swift in Sources */,
			);
			runOnlyForDeploymentPostprocessing = 0;
		};
/* End PBXSourcesBuildPhase section */

/* Begin PBXVariantGroup section */
		F034AFAD1EAE2C9300DC5B15 /* Main.storyboard */ = {
			isa = PBXVariantGroup;
			children = (
				F034AFAE1EAE2C9300DC5B15 /* Base */,
			);
			name = Main.storyboard;
			sourceTree = "<group>";
		};
		F034AFB21EAE2C9300DC5B15 /* LaunchScreen.storyboard */ = {
			isa = PBXVariantGroup;
			children = (
				F034AFB31EAE2C9300DC5B15 /* Base */,
			);
			name = LaunchScreen.storyboard;
			sourceTree = "<group>";
		};
/* End PBXVariantGroup section */

/* Begin XCBuildConfiguration section */
		F034AFB61EAE2C9300DC5B15 /* Debug */ = {
			isa = XCBuildConfiguration;
			buildSettings = {
				ALWAYS_SEARCH_USER_PATHS = NO;
				CLANG_ANALYZER_NONNULL = YES;
				CLANG_ANALYZER_NUMBER_OBJECT_CONVERSION = YES_AGGRESSIVE;
				CLANG_CXX_LANGUAGE_STANDARD = "gnu++0x";
				CLANG_CXX_LIBRARY = "libc++";
				CLANG_ENABLE_MODULES = YES;
				CLANG_ENABLE_OBJC_ARC = YES;
				CLANG_WARN_BOOL_CONVERSION = YES;
				CLANG_WARN_CONSTANT_CONVERSION = YES;
				CLANG_WARN_DIRECT_OBJC_ISA_USAGE = YES_ERROR;
				CLANG_WARN_DOCUMENTATION_COMMENTS = YES;
				CLANG_WARN_EMPTY_BODY = YES;
				CLANG_WARN_ENUM_CONVERSION = YES;
				CLANG_WARN_INFINITE_RECURSION = YES;
				CLANG_WARN_INT_CONVERSION = YES;
				CLANG_WARN_OBJC_ROOT_CLASS = YES_ERROR;
				CLANG_WARN_SUSPICIOUS_MOVE = YES;
				CLANG_WARN_UNREACHABLE_CODE = YES;
				CLANG_WARN__DUPLICATE_METHOD_MATCH = YES;
				"CODE_SIGN_IDENTITY[sdk=iphoneos*]" = "iPhone Developer";
				COPY_PHASE_STRIP = NO;
				DEBUG_INFORMATION_FORMAT = dwarf;
				ENABLE_STRICT_OBJC_MSGSEND = YES;
				ENABLE_TESTABILITY = YES;
				GCC_C_LANGUAGE_STANDARD = gnu99;
				GCC_DYNAMIC_NO_PIC = NO;
				GCC_NO_COMMON_BLOCKS = YES;
				GCC_OPTIMIZATION_LEVEL = 0;
				GCC_PREPROCESSOR_DEFINITIONS = (
					"DEBUG=1",
					"$(inherited)",
				);
				GCC_WARN_64_TO_32_BIT_CONVERSION = YES;
				GCC_WARN_ABOUT_RETURN_TYPE = YES_ERROR;
				GCC_WARN_UNDECLARED_SELECTOR = YES;
				GCC_WARN_UNINITIALIZED_AUTOS = YES_AGGRESSIVE;
				GCC_WARN_UNUSED_FUNCTION = YES;
				GCC_WARN_UNUSED_VARIABLE = YES;
				IPHONEOS_DEPLOYMENT_TARGET = 10.3;
				MTL_ENABLE_DEBUG_INFO = YES;
				ONLY_ACTIVE_ARCH = YES;
				SDKROOT = iphoneos;
				SWIFT_ACTIVE_COMPILATION_CONDITIONS = DEBUG;
				SWIFT_OPTIMIZATION_LEVEL = "-Onone";
			};
			name = Debug;
		};
		F034AFB71EAE2C9300DC5B15 /* Release */ = {
			isa = XCBuildConfiguration;
			buildSettings = {
				ALWAYS_SEARCH_USER_PATHS = NO;
				CLANG_ANALYZER_NONNULL = YES;
				CLANG_ANALYZER_NUMBER_OBJECT_CONVERSION = YES_AGGRESSIVE;
				CLANG_CXX_LANGUAGE_STANDARD = "gnu++0x";
				CLANG_CXX_LIBRARY = "libc++";
				CLANG_ENABLE_MODULES = YES;
				CLANG_ENABLE_OBJC_ARC = YES;
				CLANG_WARN_BOOL_CONVERSION = YES;
				CLANG_WARN_CONSTANT_CONVERSION = YES;
				CLANG_WARN_DIRECT_OBJC_ISA_USAGE = YES_ERROR;
				CLANG_WARN_DOCUMENTATION_COMMENTS = YES;
				CLANG_WARN_EMPTY_BODY = YES;
				CLANG_WARN_ENUM_CONVERSION = YES;
				CLANG_WARN_INFINITE_RECURSION = YES;
				CLANG_WARN_INT_CONVERSION = YES;
				CLANG_WARN_OBJC_ROOT_CLASS = YES_ERROR;
				CLANG_WARN_SUSPICIOUS_MOVE = YES;
				CLANG_WARN_UNREACHABLE_CODE = YES;
				CLANG_WARN__DUPLICATE_METHOD_MATCH = YES;
				"CODE_SIGN_IDENTITY[sdk=iphoneos*]" = "iPhone Developer";
				COPY_PHASE_STRIP = NO;
				DEBUG_INFORMATION_FORMAT = "dwarf-with-dsym";
				ENABLE_NS_ASSERTIONS = NO;
				ENABLE_STRICT_OBJC_MSGSEND = YES;
				GCC_C_LANGUAGE_STANDARD = gnu99;
				GCC_NO_COMMON_BLOCKS = YES;
				GCC_WARN_64_TO_32_BIT_CONVERSION = YES;
				GCC_WARN_ABOUT_RETURN_TYPE = YES_ERROR;
				GCC_WARN_UNDECLARED_SELECTOR = YES;
				GCC_WARN_UNINITIALIZED_AUTOS = YES_AGGRESSIVE;
				GCC_WARN_UNUSED_FUNCTION = YES;
				GCC_WARN_UNUSED_VARIABLE = YES;
				IPHONEOS_DEPLOYMENT_TARGET = 10.3;
				MTL_ENABLE_DEBUG_INFO = NO;
				SDKROOT = iphoneos;
				SWIFT_OPTIMIZATION_LEVEL = "-Owholemodule";
				VALIDATE_PRODUCT = YES;
			};
			name = Release;
		};
		F034AFB91EAE2C9300DC5B15 /* Debug */ = {
			isa = XCBuildConfiguration;
			buildSettings = {
				ASSETCATALOG_COMPILER_APPICON_NAME = AppIcon;
				INFOPLIST_FILE = "Cold One/Info.plist";
				LD_RUNPATH_SEARCH_PATHS = "$(inherited) @executable_path/Frameworks";
				PRODUCT_BUNDLE_IDENTIFIER = "TJ.Cold-One";
				PRODUCT_NAME = "$(TARGET_NAME)";
				SWIFT_VERSION = 3.0;
			};
			name = Debug;
		};
		F034AFBA1EAE2C9300DC5B15 /* Release */ = {
			isa = XCBuildConfiguration;
			buildSettings = {
				ASSETCATALOG_COMPILER_APPICON_NAME = AppIcon;
				INFOPLIST_FILE = "Cold One/Info.plist";
				LD_RUNPATH_SEARCH_PATHS = "$(inherited) @executable_path/Frameworks";
				PRODUCT_BUNDLE_IDENTIFIER = "TJ.Cold-One";
				PRODUCT_NAME = "$(TARGET_NAME)";
				SWIFT_VERSION = 3.0;
			};
			name = Release;
		};
/* End XCBuildConfiguration section */

/* Begin XCConfigurationList section */
		F034AFA11EAE2C9200DC5B15 /* Build configuration list for PBXProject "Cold One" */ = {
			isa = XCConfigurationList;
			buildConfigurations = (
				F034AFB61EAE2C9300DC5B15 /* Debug */,
				F034AFB71EAE2C9300DC5B15 /* Release */,
			);
			defaultConfigurationIsVisible = 0;
			defaultConfigurationName = Release;
		};
		F034AFB81EAE2C9300DC5B15 /* Build configuration list for PBXNativeTarget "Cold One" */ = {
			isa = XCConfigurationList;
			buildConfigurations = (
				F034AFB91EAE2C9300DC5B15 /* Debug */,
				F034AFBA1EAE2C9300DC5B15 /* Release */,
			);
			defaultConfigurationIsVisible = 0;
		};
/* End XCConfigurationList section */
	};
	rootObject = F034AF9E1EAE2C9200DC5B15 /* Project object */;
}
