// !$*UTF8*$!
{
	archiveVersion = 1;
	classes = {
	};
	objectVersion = 46;
	objects = {

/* Begin PBXBuildFile section */
		1E42DC9A04C4DBCC9F2E7E10 /* Pods_Cold_One.framework in Frameworks */ = {isa = PBXBuildFile; fileRef = 8703B370CDBF2950970D40A4 /* Pods_Cold_One.framework */; };
		F034AFAA1EAE2C9200DC5B15 /* AppDelegate.swift in Sources */ = {isa = PBXBuildFile; fileRef = F034AFA91EAE2C9200DC5B15 /* AppDelegate.swift */; };
		F034AFAF1EAE2C9300DC5B15 /* Main.storyboard in Resources */ = {isa = PBXBuildFile; fileRef = F034AFAD1EAE2C9300DC5B15 /* Main.storyboard */; };
		F034AFB11EAE2C9300DC5B15 /* Assets.xcassets in Resources */ = {isa = PBXBuildFile; fileRef = F034AFB01EAE2C9300DC5B15 /* Assets.xcassets */; };
		F034AFB41EAE2C9300DC5B15 /* LaunchScreen.storyboard in Resources */ = {isa = PBXBuildFile; fileRef = F034AFB21EAE2C9300DC5B15 /* LaunchScreen.storyboard */; };
		F034AFBC1EAE2D2100DC5B15 /* BrewerydbAPIClient.swift in Sources */ = {isa = PBXBuildFile; fileRef = F034AFBB1EAE2D2100DC5B15 /* BrewerydbAPIClient.swift */; };
		F034AFBE1EAE2F0700DC5B15 /* Brewery.swift in Sources */ = {isa = PBXBuildFile; fileRef = F034AFBD1EAE2F0700DC5B15 /* Brewery.swift */; };
		F034AFC01EAE2F0E00DC5B15 /* Beer.swift in Sources */ = {isa = PBXBuildFile; fileRef = F034AFBF1EAE2F0E00DC5B15 /* Beer.swift */; };
		F034AFC21EAE4B5500DC5B15 /* Secret.swift in Sources */ = {isa = PBXBuildFile; fileRef = F034AFC11EAE4B5500DC5B15 /* Secret.swift */; };
		F034AFC71EAE6A7700DC5B15 /* SearchViewController.swift in Sources */ = {isa = PBXBuildFile; fileRef = F034AFC61EAE6A7700DC5B15 /* SearchViewController.swift */; };
/* End PBXBuildFile section */

/* Begin PBXFileReference section */
		1F2803DCB84217BA6297BBC4 /* Pods-Cold One.release.xcconfig */ = {isa = PBXFileReference; includeInIndex = 1; lastKnownFileType = text.xcconfig; name = "Pods-Cold One.release.xcconfig"; path = "Pods/Target Support Files/Pods-Cold One/Pods-Cold One.release.xcconfig"; sourceTree = "<group>"; };
		8703B370CDBF2950970D40A4 /* Pods_Cold_One.framework */ = {isa = PBXFileReference; explicitFileType = wrapper.framework; includeInIndex = 0; path = Pods_Cold_One.framework; sourceTree = BUILT_PRODUCTS_DIR; };
		F034AFA61EAE2C9200DC5B15 /* Cold One.app */ = {isa = PBXFileReference; explicitFileType = wrapper.application; includeInIndex = 0; path = "Cold One.app"; sourceTree = BUILT_PRODUCTS_DIR; };
		F034AFA91EAE2C9200DC5B15 /* AppDelegate.swift */ = {isa = PBXFileReference; lastKnownFileType = sourcecode.swift; path = AppDelegate.swift; sourceTree = "<group>"; };
		F034AFAE1EAE2C9300DC5B15 /* Base */ = {isa = PBXFileReference; lastKnownFileType = file.storyboard; name = Base; path = Base.lproj/Main.storyboard; sourceTree = "<group>"; };
		F034AFB01EAE2C9300DC5B15 /* Assets.xcassets */ = {isa = PBXFileReference; lastKnownFileType = folder.assetcatalog; path = Assets.xcassets; sourceTree = "<group>"; };
		F034AFB31EAE2C9300DC5B15 /* Base */ = {isa = PBXFileReference; lastKnownFileType = file.storyboard; name = Base; path = Base.lproj/LaunchScreen.storyboard; sourceTree = "<group>"; };
		F034AFB51EAE2C9300DC5B15 /* Info.plist */ = {isa = PBXFileReference; lastKnownFileType = text.plist.xml; path = Info.plist; sourceTree = "<group>"; };
		F034AFBB1EAE2D2100DC5B15 /* BrewerydbAPIClient.swift */ = {isa = PBXFileReference; fileEncoding = 4; lastKnownFileType = sourcecode.swift; path = BrewerydbAPIClient.swift; sourceTree = "<group>"; };
		F034AFBD1EAE2F0700DC5B15 /* Brewery.swift */ = {isa = PBXFileReference; fileEncoding = 4; lastKnownFileType = sourcecode.swift; path = Brewery.swift; sourceTree = "<group>"; };
		F034AFBF1EAE2F0E00DC5B15 /* Beer.swift */ = {isa = PBXFileReference; fileEncoding = 4; lastKnownFileType = sourcecode.swift; path = Beer.swift; sourceTree = "<group>"; };
		F034AFC11EAE4B5500DC5B15 /* Secret.swift */ = {isa = PBXFileReference; fileEncoding = 4; lastKnownFileType = sourcecode.swift; path = Secret.swift; sourceTree = "<group>"; };
		F034AFC61EAE6A7700DC5B15 /* SearchViewController.swift */ = {isa = PBXFileReference; fileEncoding = 4; lastKnownFileType = sourcecode.swift; path = SearchViewController.swift; sourceTree = "<group>"; };
		FBB0D7E29756CCCF6FDECF39 /* Pods-Cold One.debug.xcconfig */ = {isa = PBXFileReference; includeInIndex = 1; lastKnownFileType = text.xcconfig; name = "Pods-Cold One.debug.xcconfig"; path = "Pods/Target Support Files/Pods-Cold One/Pods-Cold One.debug.xcconfig"; sourceTree = "<group>"; };
/* End PBXFileReference section */

/* Begin PBXFrameworksBuildPhase section */
		F034AFA31EAE2C9200DC5B15 /* Frameworks */ = {
			isa = PBXFrameworksBuildPhase;
			buildActionMask = 2147483647;
			files = (
				1E42DC9A04C4DBCC9F2E7E10 /* Pods_Cold_One.framework in Frameworks */,
			);
			runOnlyForDeploymentPostprocessing = 0;
		};
/* End PBXFrameworksBuildPhase section */

/* Begin PBXGroup section */
		01CC4F0E252C2E167DB1C239 /* Frameworks */ = {
			isa = PBXGroup;
			children = (
				8703B370CDBF2950970D40A4 /* Pods_Cold_One.framework */,
			);
			name = Frameworks;
			sourceTree = "<group>";
		};
		BF1EFA2D5A69700522310851 /* Pods */ = {
			isa = PBXGroup;
			children = (
				FBB0D7E29756CCCF6FDECF39 /* Pods-Cold One.debug.xcconfig */,
				1F2803DCB84217BA6297BBC4 /* Pods-Cold One.release.xcconfig */,
			);
			name = Pods;
			sourceTree = "<group>";
		};
		F034AF9D1EAE2C9200DC5B15 = {
			isa = PBXGroup;
			children = (
				F034AFA81EAE2C9200DC5B15 /* Cold One */,
				F034AFA71EAE2C9200DC5B15 /* Products */,
				BF1EFA2D5A69700522310851 /* Pods */,
				01CC4F0E252C2E167DB1C239 /* Frameworks */,
			);
			sourceTree = "<group>";
		};
		F034AFA71EAE2C9200DC5B15 /* Products */ = {
			isa = PBXGroup;
			children = (
				F034AFA61EAE2C9200DC5B15 /* Cold One.app */,
			);
			name = Products;
			sourceTree = "<group>";
		};
		F034AFA81EAE2C9200DC5B15 /* Cold One */ = {
			isa = PBXGroup;
			children = (
				F034AFA91EAE2C9200DC5B15 /* AppDelegate.swift */,
				F034AFC51EAE692400DC5B15 /* Controllers */,
				F034AFC31EAE68F800DC5B15 /* Models */,
				F034AFC41EAE690C00DC5B15 /* Utility */,
				F034AFC11EAE4B5500DC5B15 /* Secret.swift */,
				F034AFAD1EAE2C9300DC5B15 /* Main.storyboard */,
				F034AFB01EAE2C9300DC5B15 /* Assets.xcassets */,
				F034AFB21EAE2C9300DC5B15 /* LaunchScreen.storyboard */,
				F034AFB51EAE2C9300DC5B15 /* Info.plist */,
			);
			path = "Cold One";
			sourceTree = "<group>";
		};
		F034AFC31EAE68F800DC5B15 /* Models */ = {
			isa = PBXGroup;
			children = (
				F034AFBF1EAE2F0E00DC5B15 /* Beer.swift */,
				F034AFBD1EAE2F0700DC5B15 /* Brewery.swift */,
			);
			name = Models;
			sourceTree = "<group>";
		};
		F034AFC41EAE690C00DC5B15 /* Utility */ = {
			isa = PBXGroup;
			children = (
				F034AFBB1EAE2D2100DC5B15 /* BrewerydbAPIClient.swift */,
			);
			name = Utility;
			sourceTree = "<group>";
		};
		F034AFC51EAE692400DC5B15 /* Controllers */ = {
			isa = PBXGroup;
			children = (
				F034AFC61EAE6A7700DC5B15 /* SearchViewController.swift */,
			);
			name = Controllers;
			sourceTree = "<group>";
		};
/* End PBXGroup section */

/* Begin PBXNativeTarget section */
		F034AFA51EAE2C9200DC5B15 /* Cold One */ = {
			isa = PBXNativeTarget;
			buildConfigurationList = F034AFB81EAE2C9300DC5B15 /* Build configuration list for PBXNativeTarget "Cold One" */;
			buildPhases = (
				5C385000A2C6567D159F4804 /* [CP] Check Pods Manifest.lock */,
				F034AFA21EAE2C9200DC5B15 /* Sources */,
				F034AFA31EAE2C9200DC5B15 /* Frameworks */,
				F034AFA41EAE2C9200DC5B15 /* Resources */,
				1C75BF26DF2AB351F1773B26 /* [CP] Embed Pods Frameworks */,
				563409ED6D517F503898238B /* [CP] Copy Pods Resources */,
			);
			buildRules = (
			);
			dependencies = (
			);
			name = "Cold One";
			productName = "Cold One";
			productReference = F034AFA61EAE2C9200DC5B15 /* Cold One.app */;
			productType = "com.apple.product-type.application";
		};
/* End PBXNativeTarget section */

/* Begin PBXProject section */
		F034AF9E1EAE2C9200DC5B15 /* Project object */ = {
			isa = PBXProject;
			attributes = {
				LastSwiftUpdateCheck = 0830;
				LastUpgradeCheck = 0830;
				ORGANIZATIONNAME = "TJ Carney";
				TargetAttributes = {
					F034AFA51EAE2C9200DC5B15 = {
						CreatedOnToolsVersion = 8.3;
						ProvisioningStyle = Automatic;
					};
				};
			};
			buildConfigurationList = F034AFA11EAE2C9200DC5B15 /* Build configuration list for PBXProject "Cold One" */;
			compatibilityVersion = "Xcode 3.2";
			developmentRegion = English;
			hasScannedForEncodings = 0;
			knownRegions = (
				en,
				Base,
			);
			mainGroup = F034AF9D1EAE2C9200DC5B15;
			productRefGroup = F034AFA71EAE2C9200DC5B15 /* Products */;
			projectDirPath = "";
			projectRoot = "";
			targets = (
				F034AFA51EAE2C9200DC5B15 /* Cold One */,
			);
		};
/* End PBXProject section */

/* Begin PBXResourcesBuildPhase section */
		F034AFA41EAE2C9200DC5B15 /* Resources */ = {
			isa = PBXResourcesBuildPhase;
			buildActionMask = 2147483647;
			files = (
				F034AFB41EAE2C9300DC5B15 /* LaunchScreen.storyboard in Resources */,
				F034AFB11EAE2C9300DC5B15 /* Assets.xcassets in Resources */,
				F034AFAF1EAE2C9300DC5B15 /* Main.storyboard in Resources */,
			);
			runOnlyForDeploymentPostprocessing = 0;
		};
/* End PBXResourcesBuildPhase section */

/* Begin PBXShellScriptBuildPhase section */
		1C75BF26DF2AB351F1773B26 /* [CP] Embed Pods Frameworks */ = {
			isa = PBXShellScriptBuildPhase;
			buildActionMask = 2147483647;
			files = (
			);
			inputPaths = (
			);
			name = "[CP] Embed Pods Frameworks";
			outputPaths = (
			);
			runOnlyForDeploymentPostprocessing = 0;
			shellPath = /bin/sh;
			shellScript = "\"${SRCROOT}/Pods/Target Support Files/Pods-Cold One/Pods-Cold One-frameworks.sh\"\n";
			showEnvVarsInLog = 0;
		};
		563409ED6D517F503898238B /* [CP] Copy Pods Resources */ = {
			isa = PBXShellScriptBuildPhase;
			buildActionMask = 2147483647;
			files = (
			);
			inputPaths = (
			);
			name = "[CP] Copy Pods Resources";
			outputPaths = (
			);
			runOnlyForDeploymentPostprocessing = 0;
			shellPath = /bin/sh;
			shellScript = "\"${SRCROOT}/Pods/Target Support Files/Pods-Cold One/Pods-Cold One-resources.sh\"\n";
			showEnvVarsInLog = 0;
		};
		5C385000A2C6567D159F4804 /* [CP] Check Pods Manifest.lock */ = {
			isa = PBXShellScriptBuildPhase;
			buildActionMask = 2147483647;
			files = (
			);
			inputPaths = (
			);
			name = "[CP] Check Pods Manifest.lock";
			outputPaths = (
			);
			runOnlyForDeploymentPostprocessing = 0;
			shellPath = /bin/sh;
			shellScript = "diff \"${PODS_ROOT}/../Podfile.lock\" \"${PODS_ROOT}/Manifest.lock\" > /dev/null\nif [ $? != 0 ] ; then\n    # print error to STDERR\n    echo \"error: The sandbox is not in sync with the Podfile.lock. Run 'pod install' or update your CocoaPods installation.\" >&2\n    exit 1\nfi\n";
			showEnvVarsInLog = 0;
		};
/* End PBXShellScriptBuildPhase section */

/* Begin PBXSourcesBuildPhase section */
		F034AFA21EAE2C9200DC5B15 /* Sources */ = {
			isa = PBXSourcesBuildPhase;
			buildActionMask = 2147483647;
			files = (
				F034AFBE1EAE2F0700DC5B15 /* Brewery.swift in Sources */,
				F034AFC71EAE6A7700DC5B15 /* SearchViewController.swift in Sources */,
				F034AFC21EAE4B5500DC5B15 /* Secret.swift in Sources */,
				F034AFC01EAE2F0E00DC5B15 /* Beer.swift in Sources */,
				F034AFAA1EAE2C9200DC5B15 /* AppDelegate.swift in Sources */,
				F034AFBC1EAE2D2100DC5B15 /* BrewerydbAPIClient.swift in Sources */,
			);
			runOnlyForDeploymentPostprocessing = 0;
		};
/* End PBXSourcesBuildPhase section */

/* Begin PBXVariantGroup section */
		F034AFAD1EAE2C9300DC5B15 /* Main.storyboard */ = {
			isa = PBXVariantGroup;
			children = (
				F034AFAE1EAE2C9300DC5B15 /* Base */,
			);
			name = Main.storyboard;
			sourceTree = "<group>";
		};
		F034AFB21EAE2C9300DC5B15 /* LaunchScreen.storyboard */ = {
			isa = PBXVariantGroup;
			children = (
				F034AFB31EAE2C9300DC5B15 /* Base */,
			);
			name = LaunchScreen.storyboard;
			sourceTree = "<group>";
		};
/* End PBXVariantGroup section */

/* Begin XCBuildConfiguration section */
		F034AFB61EAE2C9300DC5B15 /* Debug */ = {
			isa = XCBuildConfiguration;
			buildSettings = {
				ALWAYS_SEARCH_USER_PATHS = NO;
				CLANG_ANALYZER_NONNULL = YES;
				CLANG_ANALYZER_NUMBER_OBJECT_CONVERSION = YES_AGGRESSIVE;
				CLANG_CXX_LANGUAGE_STANDARD = "gnu++0x";
				CLANG_CXX_LIBRARY = "libc++";
				CLANG_ENABLE_MODULES = YES;
				CLANG_ENABLE_OBJC_ARC = YES;
				CLANG_WARN_BOOL_CONVERSION = YES;
				CLANG_WARN_CONSTANT_CONVERSION = YES;
				CLANG_WARN_DIRECT_OBJC_ISA_USAGE = YES_ERROR;
				CLANG_WARN_DOCUMENTATION_COMMENTS = YES;
				CLANG_WARN_EMPTY_BODY = YES;
				CLANG_WARN_ENUM_CONVERSION = YES;
				CLANG_WARN_INFINITE_RECURSION = YES;
				CLANG_WARN_INT_CONVERSION = YES;
				CLANG_WARN_OBJC_ROOT_CLASS = YES_ERROR;
				CLANG_WARN_SUSPICIOUS_MOVE = YES;
				CLANG_WARN_UNREACHABLE_CODE = YES;
				CLANG_WARN__DUPLICATE_METHOD_MATCH = YES;
				"CODE_SIGN_IDENTITY[sdk=iphoneos*]" = "iPhone Developer";
				COPY_PHASE_STRIP = NO;
				DEBUG_INFORMATION_FORMAT = dwarf;
				ENABLE_STRICT_OBJC_MSGSEND = YES;
				ENABLE_TESTABILITY = YES;
				GCC_C_LANGUAGE_STANDARD = gnu99;
				GCC_DYNAMIC_NO_PIC = NO;
				GCC_NO_COMMON_BLOCKS = YES;
				GCC_OPTIMIZATION_LEVEL = 0;
				GCC_PREPROCESSOR_DEFINITIONS = (
					"DEBUG=1",
					"$(inherited)",
				);
				GCC_WARN_64_TO_32_BIT_CONVERSION = YES;
				GCC_WARN_ABOUT_RETURN_TYPE = YES_ERROR;
				GCC_WARN_UNDECLARED_SELECTOR = YES;
				GCC_WARN_UNINITIALIZED_AUTOS = YES_AGGRESSIVE;
				GCC_WARN_UNUSED_FUNCTION = YES;
				GCC_WARN_UNUSED_VARIABLE = YES;
				IPHONEOS_DEPLOYMENT_TARGET = 10.3;
				MTL_ENABLE_DEBUG_INFO = YES;
				ONLY_ACTIVE_ARCH = YES;
				SDKROOT = iphoneos;
				SWIFT_ACTIVE_COMPILATION_CONDITIONS = DEBUG;
				SWIFT_OPTIMIZATION_LEVEL = "-Onone";
			};
			name = Debug;
		};
		F034AFB71EAE2C9300DC5B15 /* Release */ = {
			isa = XCBuildConfiguration;
			buildSettings = {
				ALWAYS_SEARCH_USER_PATHS = NO;
				CLANG_ANALYZER_NONNULL = YES;
				CLANG_ANALYZER_NUMBER_OBJECT_CONVERSION = YES_AGGRESSIVE;
				CLANG_CXX_LANGUAGE_STANDARD = "gnu++0x";
				CLANG_CXX_LIBRARY = "libc++";
				CLANG_ENABLE_MODULES = YES;
				CLANG_ENABLE_OBJC_ARC = YES;
				CLANG_WARN_BOOL_CONVERSION = YES;
				CLANG_WARN_CONSTANT_CONVERSION = YES;
				CLANG_WARN_DIRECT_OBJC_ISA_USAGE = YES_ERROR;
				CLANG_WARN_DOCUMENTATION_COMMENTS = YES;
				CLANG_WARN_EMPTY_BODY = YES;
				CLANG_WARN_ENUM_CONVERSION = YES;
				CLANG_WARN_INFINITE_RECURSION = YES;
				CLANG_WARN_INT_CONVERSION = YES;
				CLANG_WARN_OBJC_ROOT_CLASS = YES_ERROR;
				CLANG_WARN_SUSPICIOUS_MOVE = YES;
				CLANG_WARN_UNREACHABLE_CODE = YES;
				CLANG_WARN__DUPLICATE_METHOD_MATCH = YES;
				"CODE_SIGN_IDENTITY[sdk=iphoneos*]" = "iPhone Developer";
				COPY_PHASE_STRIP = NO;
				DEBUG_INFORMATION_FORMAT = "dwarf-with-dsym";
				ENABLE_NS_ASSERTIONS = NO;
				ENABLE_STRICT_OBJC_MSGSEND = YES;
				GCC_C_LANGUAGE_STANDARD = gnu99;
				GCC_NO_COMMON_BLOCKS = YES;
				GCC_WARN_64_TO_32_BIT_CONVERSION = YES;
				GCC_WARN_ABOUT_RETURN_TYPE = YES_ERROR;
				GCC_WARN_UNDECLARED_SELECTOR = YES;
				GCC_WARN_UNINITIALIZED_AUTOS = YES_AGGRESSIVE;
				GCC_WARN_UNUSED_FUNCTION = YES;
				GCC_WARN_UNUSED_VARIABLE = YES;
				IPHONEOS_DEPLOYMENT_TARGET = 10.3;
				MTL_ENABLE_DEBUG_INFO = NO;
				SDKROOT = iphoneos;
				SWIFT_OPTIMIZATION_LEVEL = "-Owholemodule";
				VALIDATE_PRODUCT = YES;
			};
			name = Release;
		};
		F034AFB91EAE2C9300DC5B15 /* Debug */ = {
			isa = XCBuildConfiguration;
			baseConfigurationReference = FBB0D7E29756CCCF6FDECF39 /* Pods-Cold One.debug.xcconfig */;
			buildSettings = {
				ASSETCATALOG_COMPILER_APPICON_NAME = AppIcon;
				INFOPLIST_FILE = "Cold One/Info.plist";
				LD_RUNPATH_SEARCH_PATHS = "$(inherited) @executable_path/Frameworks";
				PRODUCT_BUNDLE_IDENTIFIER = "TJ.Cold-One";
				PRODUCT_NAME = "$(TARGET_NAME)";
				SWIFT_VERSION = 3.0;
			};
			name = Debug;
		};
		F034AFBA1EAE2C9300DC5B15 /* Release */ = {
			isa = XCBuildConfiguration;
			baseConfigurationReference = 1F2803DCB84217BA6297BBC4 /* Pods-Cold One.release.xcconfig */;
			buildSettings = {
				ASSETCATALOG_COMPILER_APPICON_NAME = AppIcon;
				INFOPLIST_FILE = "Cold One/Info.plist";
				LD_RUNPATH_SEARCH_PATHS = "$(inherited) @executable_path/Frameworks";
				PRODUCT_BUNDLE_IDENTIFIER = "TJ.Cold-One";
				PRODUCT_NAME = "$(TARGET_NAME)";
				SWIFT_VERSION = 3.0;
			};
			name = Release;
		};
/* End XCBuildConfiguration section */

/* Begin XCConfigurationList section */
		F034AFA11EAE2C9200DC5B15 /* Build configuration list for PBXProject "Cold One" */ = {
			isa = XCConfigurationList;
			buildConfigurations = (
				F034AFB61EAE2C9300DC5B15 /* Debug */,
				F034AFB71EAE2C9300DC5B15 /* Release */,
			);
			defaultConfigurationIsVisible = 0;
			defaultConfigurationName = Release;
		};
		F034AFB81EAE2C9300DC5B15 /* Build configuration list for PBXNativeTarget "Cold One" */ = {
			isa = XCConfigurationList;
			buildConfigurations = (
				F034AFB91EAE2C9300DC5B15 /* Debug */,
				F034AFBA1EAE2C9300DC5B15 /* Release */,
			);
			defaultConfigurationIsVisible = 0;
			defaultConfigurationName = Release;
		};
/* End XCConfigurationList section */
	};
	rootObject = F034AF9E1EAE2C9200DC5B15 /* Project object */;
}
